
Microsoft Visual Studio Solution File, Format Version 12.00
# Visual Studio Version 16
VisualStudioVersion = 16.0.32002.261
MinimumVisualStudioVersion = 10.0.40219.1
Project("{FAE04EC0-301F-11D3-BF4B-00C04F79EFBC}") = "E_Ticaret_Uygulamasi", "E_Ticaret_Uygulamasi\E_Ticaret_Uygulamasi.csproj", "{92C9B254-D0B9-43A9-A00A-93CACD55CE79}"
EndProject
Global
	GlobalSection(SolutionConfigurationPlatforms) = preSolution
		Debug|Any CPU = Debug|Any CPU
		Release|Any CPU = Release|Any CPU
	EndGlobalSection
	GlobalSection(ProjectConfigurationPlatforms) = postSolution
		{92C9B254-D0B9-43A9-A00A-93CACD55CE79}.Debug|Any CPU.ActiveCfg = Debug|Any CPU
		{92C9B254-D0B9-43A9-A00A-93CACD55CE79}.Debug|Any CPU.Build.0 = Debug|Any CPU
		{92C9B254-D0B9-43A9-A00A-93CACD55CE79}.Release|Any CPU.ActiveCfg = Release|Any CPU
		{92C9B254-D0B9-43A9-A00A-93CACD55CE79}.Release|Any CPU.Build.0 = Release|Any CPU
	EndGlobalSection
	GlobalSection(SolutionProperties) = preSolution
		HideSolutionNode = FALSE
	EndGlobalSection
	GlobalSection(ExtensibilityGlobals) = postSolution
		SolutionGuid = {D15FF67E-CC81-4492-A840-8AFB7B3EB28B}
	EndGlobalSection
EndGlobal
